// !$*UTF8*$!
{
	archiveVersion = 1;
	classes = {
	};
	objectVersion = 48;
	objects = {

/* Begin PBXBuildFile section */
		1BCA1AC3B3FE4231C536203D /* Pods_Smack.framework in Frameworks */ = {isa = PBXBuildFile; fileRef = 5163115DCCA10F9F7DCAFD8B /* Pods_Smack.framework */; };
		DD727655205574C700516048 /* SWRevealViewController.m in Sources */ = {isa = PBXBuildFile; fileRef = DD727654205574C700516048 /* SWRevealViewController.m */; };
		DD7276582055AD0200516048 /* ChatVC.swift in Sources */ = {isa = PBXBuildFile; fileRef = DD7276572055AD0200516048 /* ChatVC.swift */; };
		DD72765A2055AD1100516048 /* ChannelVC.swift in Sources */ = {isa = PBXBuildFile; fileRef = DD7276592055AD1100516048 /* ChannelVC.swift */; };
		DDBE4D9420571BD900C32481 /* GradientView.swift in Sources */ = {isa = PBXBuildFile; fileRef = DDBE4D9320571BD900C32481 /* GradientView.swift */; };
		DDD60CE620555CE4002260F9 /* AppDelegate.swift in Sources */ = {isa = PBXBuildFile; fileRef = DDD60CE520555CE4002260F9 /* AppDelegate.swift */; };
		DDD60CE820555CE4002260F9 /* ViewController.swift in Sources */ = {isa = PBXBuildFile; fileRef = DDD60CE720555CE4002260F9 /* ViewController.swift */; };
		DDD60CEB20555CE4002260F9 /* Main.storyboard in Resources */ = {isa = PBXBuildFile; fileRef = DDD60CE920555CE4002260F9 /* Main.storyboard */; };
		DDD60CED20555CE4002260F9 /* Assets.xcassets in Resources */ = {isa = PBXBuildFile; fileRef = DDD60CEC20555CE4002260F9 /* Assets.xcassets */; };
		DDD60CF020555CE4002260F9 /* LaunchScreen.storyboard in Resources */ = {isa = PBXBuildFile; fileRef = DDD60CEE20555CE4002260F9 /* LaunchScreen.storyboard */; };
/* End PBXBuildFile section */

/* Begin PBXFileReference section */
		09370403036201C9C1A84D44 /* Pods-Smack.debug.xcconfig */ = {isa = PBXFileReference; includeInIndex = 1; lastKnownFileType = text.xcconfig; name = "Pods-Smack.debug.xcconfig"; path = "Pods/Target Support Files/Pods-Smack/Pods-Smack.debug.xcconfig"; sourceTree = "<group>"; };
		5163115DCCA10F9F7DCAFD8B /* Pods_Smack.framework */ = {isa = PBXFileReference; explicitFileType = wrapper.framework; includeInIndex = 0; path = Pods_Smack.framework; sourceTree = BUILT_PRODUCTS_DIR; };
		99B396057DD986EB491BE345 /* Pods-Smack.release.xcconfig */ = {isa = PBXFileReference; includeInIndex = 1; lastKnownFileType = text.xcconfig; name = "Pods-Smack.release.xcconfig"; path = "Pods/Target Support Files/Pods-Smack/Pods-Smack.release.xcconfig"; sourceTree = "<group>"; };
		DD727652205574C600516048 /* Smack-Bridging-Header.h */ = {isa = PBXFileReference; lastKnownFileType = sourcecode.c.h; path = "Smack-Bridging-Header.h"; sourceTree = "<group>"; };
		DD727653205574C700516048 /* SWRevealViewController.h */ = {isa = PBXFileReference; fileEncoding = 4; lastKnownFileType = sourcecode.c.h; path = SWRevealViewController.h; sourceTree = "<group>"; };
		DD727654205574C700516048 /* SWRevealViewController.m */ = {isa = PBXFileReference; fileEncoding = 4; lastKnownFileType = sourcecode.c.objc; path = SWRevealViewController.m; sourceTree = "<group>"; };
		DD7276572055AD0200516048 /* ChatVC.swift */ = {isa = PBXFileReference; lastKnownFileType = sourcecode.swift; path = ChatVC.swift; sourceTree = "<group>"; };
		DD7276592055AD1100516048 /* ChannelVC.swift */ = {isa = PBXFileReference; lastKnownFileType = sourcecode.swift; path = ChannelVC.swift; sourceTree = "<group>"; };
		DDBE4D9320571BD900C32481 /* GradientView.swift */ = {isa = PBXFileReference; lastKnownFileType = sourcecode.swift; path = GradientView.swift; sourceTree = "<group>"; };
		DDD60CE220555CE4002260F9 /* Smack.app */ = {isa = PBXFileReference; explicitFileType = wrapper.application; includeInIndex = 0; path = Smack.app; sourceTree = BUILT_PRODUCTS_DIR; };
		DDD60CE520555CE4002260F9 /* AppDelegate.swift */ = {isa = PBXFileReference; lastKnownFileType = sourcecode.swift; path = AppDelegate.swift; sourceTree = "<group>"; };
		DDD60CE720555CE4002260F9 /* ViewController.swift */ = {isa = PBXFileReference; lastKnownFileType = sourcecode.swift; path = ViewController.swift; sourceTree = "<group>"; };
		DDD60CEA20555CE4002260F9 /* Base */ = {isa = PBXFileReference; lastKnownFileType = file.storyboard; name = Base; path = Base.lproj/Main.storyboard; sourceTree = "<group>"; };
		DDD60CEC20555CE4002260F9 /* Assets.xcassets */ = {isa = PBXFileReference; lastKnownFileType = folder.assetcatalog; path = Assets.xcassets; sourceTree = "<group>"; };
		DDD60CEF20555CE4002260F9 /* Base */ = {isa = PBXFileReference; lastKnownFileType = file.storyboard; name = Base; path = Base.lproj/LaunchScreen.storyboard; sourceTree = "<group>"; };
		DDD60CF120555CE4002260F9 /* Info.plist */ = {isa = PBXFileReference; lastKnownFileType = text.plist.xml; path = Info.plist; sourceTree = "<group>"; };
/* End PBXFileReference section */

/* Begin PBXFrameworksBuildPhase section */
		DDD60CDF20555CE4002260F9 /* Frameworks */ = {
			isa = PBXFrameworksBuildPhase;
			buildActionMask = 2147483647;
			files = (
				1BCA1AC3B3FE4231C536203D /* Pods_Smack.framework in Frameworks */,
			);
			runOnlyForDeploymentPostprocessing = 0;
		};
/* End PBXFrameworksBuildPhase section */

/* Begin PBXGroup section */
		8DE8EDD23C5C23D02321946D /* Pods */ = {
			isa = PBXGroup;
			children = (
				09370403036201C9C1A84D44 /* Pods-Smack.debug.xcconfig */,
				99B396057DD986EB491BE345 /* Pods-Smack.release.xcconfig */,
			);
			name = Pods;
			sourceTree = "<group>";
		};
		DD727656205574D500516048 /* Supported Files */ = {
			isa = PBXGroup;
			children = (
				DD727653205574C700516048 /* SWRevealViewController.h */,
				DD727654205574C700516048 /* SWRevealViewController.m */,
			);
			path = "Supported Files";
			sourceTree = "<group>";
		};
		DD72765B2055AD3E00516048 /* Controllers */ = {
			isa = PBXGroup;
			children = (
				DDD60CE720555CE4002260F9 /* ViewController.swift */,
				DD7276572055AD0200516048 /* ChatVC.swift */,
				DD7276592055AD1100516048 /* ChannelVC.swift */,
			);
			path = Controllers;
			sourceTree = "<group>";
		};
		DD72765C2055AD5200516048 /* Views */ = {
			isa = PBXGroup;
			children = (
				DDD60CE920555CE4002260F9 /* Main.storyboard */,
				DDD60CEC20555CE4002260F9 /* Assets.xcassets */,
				DDD60CEE20555CE4002260F9 /* LaunchScreen.storyboard */,
				DDBE4D9320571BD900C32481 /* GradientView.swift */,
			);
			path = Views;
			sourceTree = "<group>";
		};
		DD72765D2055AD5E00516048 /* Model */ = {
			isa = PBXGroup;
			children = (
				DDD60CE520555CE4002260F9 /* AppDelegate.swift */,
			);
			path = Model;
			sourceTree = "<group>";
		};
		DDD60CD920555CE3002260F9 = {
			isa = PBXGroup;
			children = (
				DDD60CE420555CE4002260F9 /* Smack */,
				DDD60CE320555CE4002260F9 /* Products */,
				8DE8EDD23C5C23D02321946D /* Pods */,
				E0C7CBADED5F8097AB34FA66 /* Frameworks */,
			);
			sourceTree = "<group>";
		};
		DDD60CE320555CE4002260F9 /* Products */ = {
			isa = PBXGroup;
			children = (
				DDD60CE220555CE4002260F9 /* Smack.app */,
			);
			name = Products;
			sourceTree = "<group>";
		};
		DDD60CE420555CE4002260F9 /* Smack */ = {
			isa = PBXGroup;
			children = (
				DD72765D2055AD5E00516048 /* Model */,
				DD72765B2055AD3E00516048 /* Controllers */,
				DD72765C2055AD5200516048 /* Views */,
				DDD60CF120555CE4002260F9 /* Info.plist */,
				DD727652205574C600516048 /* Smack-Bridging-Header.h */,
				DD727656205574D500516048 /* Supported Files */,
			);
			path = Smack;
			sourceTree = "<group>";
		};
		E0C7CBADED5F8097AB34FA66 /* Frameworks */ = {
			isa = PBXGroup;
			children = (
				5163115DCCA10F9F7DCAFD8B /* Pods_Smack.framework */,
			);
			name = Frameworks;
			sourceTree = "<group>";
		};
/* End PBXGroup section */

/* Begin PBXNativeTarget section */
		DDD60CE120555CE4002260F9 /* Smack */ = {
			isa = PBXNativeTarget;
			buildConfigurationList = DDD60CF420555CE4002260F9 /* Build configuration list for PBXNativeTarget "Smack" */;
			buildPhases = (
				6EC75C4A70AEFB8D2A6C12C1 /* [CP] Check Pods Manifest.lock */,
				DDD60CDE20555CE4002260F9 /* Sources */,
				DDD60CDF20555CE4002260F9 /* Frameworks */,
				DDD60CE020555CE4002260F9 /* Resources */,
				75329094566B5F0085ED616F /* [CP] Embed Pods Frameworks */,
				ADDF70659436310D2BE87F99 /* [CP] Copy Pods Resources */,
			);
			buildRules = (
			);
			dependencies = (
			);
			name = Smack;
			productName = Smack;
			productReference = DDD60CE220555CE4002260F9 /* Smack.app */;
			productType = "com.apple.product-type.application";
		};
/* End PBXNativeTarget section */

/* Begin PBXProject section */
		DDD60CDA20555CE4002260F9 /* Project object */ = {
			isa = PBXProject;
			attributes = {
				LastSwiftUpdateCheck = 0920;
				LastUpgradeCheck = 0920;
				ORGANIZATIONNAME = "Adel Kazme";
				TargetAttributes = {
					DDD60CE120555CE4002260F9 = {
						CreatedOnToolsVersion = 9.2;
						LastSwiftMigration = 0920;
						ProvisioningStyle = Automatic;
					};
				};
			};
			buildConfigurationList = DDD60CDD20555CE4002260F9 /* Build configuration list for PBXProject "Smack" */;
			compatibilityVersion = "Xcode 8.0";
			developmentRegion = en;
			hasScannedForEncodings = 0;
			knownRegions = (
				en,
				Base,
			);
			mainGroup = DDD60CD920555CE3002260F9;
			productRefGroup = DDD60CE320555CE4002260F9 /* Products */;
			projectDirPath = "";
			projectRoot = "";
			targets = (
				DDD60CE120555CE4002260F9 /* Smack */,
			);
		};
/* End PBXProject section */

/* Begin PBXResourcesBuildPhase section */
		DDD60CE020555CE4002260F9 /* Resources */ = {
			isa = PBXResourcesBuildPhase;
			buildActionMask = 2147483647;
			files = (
				DDD60CF020555CE4002260F9 /* LaunchScreen.storyboard in Resources */,
				DDD60CED20555CE4002260F9 /* Assets.xcassets in Resources */,
				DDD60CEB20555CE4002260F9 /* Main.storyboard in Resources */,
			);
			runOnlyForDeploymentPostprocessing = 0;
		};
/* End PBXResourcesBuildPhase section */

/* Begin PBXShellScriptBuildPhase section */
		6EC75C4A70AEFB8D2A6C12C1 /* [CP] Check Pods Manifest.lock */ = {
			isa = PBXShellScriptBuildPhase;
			buildActionMask = 2147483647;
			files = (
			);
			inputPaths = (
				"${PODS_PODFILE_DIR_PATH}/Podfile.lock",
				"${PODS_ROOT}/Manifest.lock",
			);
			name = "[CP] Check Pods Manifest.lock";
			outputPaths = (
				"$(DERIVED_FILE_DIR)/Pods-Smack-checkManifestLockResult.txt",
			);
			runOnlyForDeploymentPostprocessing = 0;
			shellPath = /bin/sh;
			shellScript = "diff \"${PODS_PODFILE_DIR_PATH}/Podfile.lock\" \"${PODS_ROOT}/Manifest.lock\" > /dev/null\nif [ $? != 0 ] ; then\n    # print error to STDERR\n    echo \"error: The sandbox is not in sync with the Podfile.lock. Run 'pod install' or update your CocoaPods installation.\" >&2\n    exit 1\nfi\n# This output is used by Xcode 'outputs' to avoid re-running this script phase.\necho \"SUCCESS\" > \"${SCRIPT_OUTPUT_FILE_0}\"\n";
			showEnvVarsInLog = 0;
		};
		75329094566B5F0085ED616F /* [CP] Embed Pods Frameworks */ = {
			isa = PBXShellScriptBuildPhase;
			buildActionMask = 2147483647;
			files = (
			);
			inputPaths = (
				"${SRCROOT}/Pods/Target Support Files/Pods-Smack/Pods-Smack-frameworks.sh",
				"${BUILT_PRODUCTS_DIR}/Alamofire/Alamofire.framework",
				"${BUILT_PRODUCTS_DIR}/Socket.IO-Client-Swift/SocketIO.framework",
				"${BUILT_PRODUCTS_DIR}/Starscream/Starscream.framework",
				"${BUILT_PRODUCTS_DIR}/SwiftyJSON/SwiftyJSON.framework",
			);
			name = "[CP] Embed Pods Frameworks";
			outputPaths = (
				"${TARGET_BUILD_DIR}/${FRAMEWORKS_FOLDER_PATH}/Alamofire.framework",
				"${TARGET_BUILD_DIR}/${FRAMEWORKS_FOLDER_PATH}/SocketIO.framework",
				"${TARGET_BUILD_DIR}/${FRAMEWORKS_FOLDER_PATH}/Starscream.framework",
				"${TARGET_BUILD_DIR}/${FRAMEWORKS_FOLDER_PATH}/SwiftyJSON.framework",
			);
			runOnlyForDeploymentPostprocessing = 0;
			shellPath = /bin/sh;
			shellScript = "\"${SRCROOT}/Pods/Target Support Files/Pods-Smack/Pods-Smack-frameworks.sh\"\n";
			showEnvVarsInLog = 0;
		};
		ADDF70659436310D2BE87F99 /* [CP] Copy Pods Resources */ = {
			isa = PBXShellScriptBuildPhase;
			buildActionMask = 2147483647;
			files = (
			);
			inputPaths = (
			);
			name = "[CP] Copy Pods Resources";
			outputPaths = (
			);
			runOnlyForDeploymentPostprocessing = 0;
			shellPath = /bin/sh;
			shellScript = "\"${SRCROOT}/Pods/Target Support Files/Pods-Smack/Pods-Smack-resources.sh\"\n";
			showEnvVarsInLog = 0;
		};
/* End PBXShellScriptBuildPhase section */

/* Begin PBXSourcesBuildPhase section */
		DDD60CDE20555CE4002260F9 /* Sources */ = {
			isa = PBXSourcesBuildPhase;
			buildActionMask = 2147483647;
			files = (
				DD7276582055AD0200516048 /* ChatVC.swift in Sources */,
				DDD60CE820555CE4002260F9 /* ViewController.swift in Sources */,
				DDBE4D9420571BD900C32481 /* GradientView.swift in Sources */,
				DDD60CE620555CE4002260F9 /* AppDelegate.swift in Sources */,
				DD727655205574C700516048 /* SWRevealViewController.m in Sources */,
				DD72765A2055AD1100516048 /* ChannelVC.swift in Sources */,
			);
			runOnlyForDeploymentPostprocessing = 0;
		};
/* End PBXSourcesBuildPhase section */

/* Begin PBXVariantGroup section */
		DDD60CE920555CE4002260F9 /* Main.storyboard */ = {
			isa = PBXVariantGroup;
			children = (
				DDD60CEA20555CE4002260F9 /* Base */,
			);
			name = Main.storyboard;
			sourceTree = "<group>";
		};
		DDD60CEE20555CE4002260F9 /* LaunchScreen.storyboard */ = {
			isa = PBXVariantGroup;
			children = (
				DDD60CEF20555CE4002260F9 /* Base */,
			);
			name = LaunchScreen.storyboard;
			sourceTree = "<group>";
		};
/* End PBXVariantGroup section */

/* Begin XCBuildConfiguration section */
		DDD60CF220555CE4002260F9 /* Debug */ = {
			isa = XCBuildConfiguration;
			buildSettings = {
				ALWAYS_SEARCH_USER_PATHS = NO;
				CLANG_ANALYZER_NONNULL = YES;
				CLANG_ANALYZER_NUMBER_OBJECT_CONVERSION = YES_AGGRESSIVE;
				CLANG_CXX_LANGUAGE_STANDARD = "gnu++14";
				CLANG_CXX_LIBRARY = "libc++";
				CLANG_ENABLE_MODULES = YES;
				CLANG_ENABLE_OBJC_ARC = YES;
				CLANG_WARN_BLOCK_CAPTURE_AUTORELEASING = YES;
				CLANG_WARN_BOOL_CONVERSION = YES;
				CLANG_WARN_COMMA = YES;
				CLANG_WARN_CONSTANT_CONVERSION = YES;
				CLANG_WARN_DIRECT_OBJC_ISA_USAGE = YES_ERROR;
				CLANG_WARN_DOCUMENTATION_COMMENTS = YES;
				CLANG_WARN_EMPTY_BODY = YES;
				CLANG_WARN_ENUM_CONVERSION = YES;
				CLANG_WARN_INFINITE_RECURSION = YES;
				CLANG_WARN_INT_CONVERSION = YES;
				CLANG_WARN_NON_LITERAL_NULL_CONVERSION = YES;
				CLANG_WARN_OBJC_LITERAL_CONVERSION = YES;
				CLANG_WARN_OBJC_ROOT_CLASS = YES_ERROR;
				CLANG_WARN_RANGE_LOOP_ANALYSIS = YES;
				CLANG_WARN_STRICT_PROTOTYPES = YES;
				CLANG_WARN_SUSPICIOUS_MOVE = YES;
				CLANG_WARN_UNGUARDED_AVAILABILITY = YES_AGGRESSIVE;
				CLANG_WARN_UNREACHABLE_CODE = YES;
				CLANG_WARN__DUPLICATE_METHOD_MATCH = YES;
				CODE_SIGN_IDENTITY = "iPhone Developer";
				COPY_PHASE_STRIP = NO;
				DEBUG_INFORMATION_FORMAT = dwarf;
				ENABLE_STRICT_OBJC_MSGSEND = YES;
				ENABLE_TESTABILITY = YES;
				GCC_C_LANGUAGE_STANDARD = gnu11;
				GCC_DYNAMIC_NO_PIC = NO;
				GCC_NO_COMMON_BLOCKS = YES;
				GCC_OPTIMIZATION_LEVEL = 0;
				GCC_PREPROCESSOR_DEFINITIONS = (
					"DEBUG=1",
					"$(inherited)",
				);
				GCC_WARN_64_TO_32_BIT_CONVERSION = YES;
				GCC_WARN_ABOUT_RETURN_TYPE = YES_ERROR;
				GCC_WARN_UNDECLARED_SELECTOR = YES;
				GCC_WARN_UNINITIALIZED_AUTOS = YES_AGGRESSIVE;
				GCC_WARN_UNUSED_FUNCTION = YES;
				GCC_WARN_UNUSED_VARIABLE = YES;
				IPHONEOS_DEPLOYMENT_TARGET = 11.2;
				MTL_ENABLE_DEBUG_INFO = YES;
				ONLY_ACTIVE_ARCH = YES;
				SDKROOT = iphoneos;
				SWIFT_ACTIVE_COMPILATION_CONDITIONS = DEBUG;
				SWIFT_OPTIMIZATION_LEVEL = "-Onone";
			};
			name = Debug;
		};
		DDD60CF320555CE4002260F9 /* Release */ = {
			isa = XCBuildConfiguration;
			buildSettings = {
				ALWAYS_SEARCH_USER_PATHS = NO;
				CLANG_ANALYZER_NONNULL = YES;
				CLANG_ANALYZER_NUMBER_OBJECT_CONVERSION = YES_AGGRESSIVE;
				CLANG_CXX_LANGUAGE_STANDARD = "gnu++14";
				CLANG_CXX_LIBRARY = "libc++";
				CLANG_ENABLE_MODULES = YES;
				CLANG_ENABLE_OBJC_ARC = YES;
				CLANG_WARN_BLOCK_CAPTURE_AUTORELEASING = YES;
				CLANG_WARN_BOOL_CONVERSION = YES;
				CLANG_WARN_COMMA = YES;
				CLANG_WARN_CONSTANT_CONVERSION = YES;
				CLANG_WARN_DIRECT_OBJC_ISA_USAGE = YES_ERROR;
				CLANG_WARN_DOCUMENTATION_COMMENTS = YES;
				CLANG_WARN_EMPTY_BODY = YES;
				CLANG_WARN_ENUM_CONVERSION = YES;
				CLANG_WARN_INFINITE_RECURSION = YES;
				CLANG_WARN_INT_CONVERSION = YES;
				CLANG_WARN_NON_LITERAL_NULL_CONVERSION = YES;
				CLANG_WARN_OBJC_LITERAL_CONVERSION = YES;
				CLANG_WARN_OBJC_ROOT_CLASS = YES_ERROR;
				CLANG_WARN_RANGE_LOOP_ANALYSIS = YES;
				CLANG_WARN_STRICT_PROTOTYPES = YES;
				CLANG_WARN_SUSPICIOUS_MOVE = YES;
				CLANG_WARN_UNGUARDED_AVAILABILITY = YES_AGGRESSIVE;
				CLANG_WARN_UNREACHABLE_CODE = YES;
				CLANG_WARN__DUPLICATE_METHOD_MATCH = YES;
				CODE_SIGN_IDENTITY = "iPhone Developer";
				COPY_PHASE_STRIP = NO;
				DEBUG_INFORMATION_FORMAT = "dwarf-with-dsym";
				ENABLE_NS_ASSERTIONS = NO;
				ENABLE_STRICT_OBJC_MSGSEND = YES;
				GCC_C_LANGUAGE_STANDARD = gnu11;
				GCC_NO_COMMON_BLOCKS = YES;
				GCC_WARN_64_TO_32_BIT_CONVERSION = YES;
				GCC_WARN_ABOUT_RETURN_TYPE = YES_ERROR;
				GCC_WARN_UNDECLARED_SELECTOR = YES;
				GCC_WARN_UNINITIALIZED_AUTOS = YES_AGGRESSIVE;
				GCC_WARN_UNUSED_FUNCTION = YES;
				GCC_WARN_UNUSED_VARIABLE = YES;
				IPHONEOS_DEPLOYMENT_TARGET = 11.2;
				MTL_ENABLE_DEBUG_INFO = NO;
				SDKROOT = iphoneos;
				SWIFT_OPTIMIZATION_LEVEL = "-Owholemodule";
				VALIDATE_PRODUCT = YES;
			};
			name = Release;
		};
		DDD60CF520555CE4002260F9 /* Debug */ = {
			isa = XCBuildConfiguration;
			baseConfigurationReference = 09370403036201C9C1A84D44 /* Pods-Smack.debug.xcconfig */;
			buildSettings = {
				ASSETCATALOG_COMPILER_APPICON_NAME = AppIcon;
				CLANG_ENABLE_MODULES = YES;
				CODE_SIGN_STYLE = Automatic;
				DEVELOPMENT_TEAM = UAR2C5KD62;
				INFOPLIST_FILE = Smack/Info.plist;
				IPHONEOS_DEPLOYMENT_TARGET = 10.0;
				LD_RUNPATH_SEARCH_PATHS = "$(inherited) @executable_path/Frameworks";
				PRODUCT_BUNDLE_IDENTIFIER = com.AdelKazme.Smack;
				PRODUCT_NAME = "$(TARGET_NAME)";
				SWIFT_OBJC_BRIDGING_HEADER = "Smack/Smack-Bridging-Header.h";
				SWIFT_OPTIMIZATION_LEVEL = "-Onone";
				SWIFT_VERSION = 4.0;
				TARGETED_DEVICE_FAMILY = "1,2";
			};
			name = Debug;
		};
		DDD60CF620555CE4002260F9 /* Release */ = {
			isa = XCBuildConfiguration;
			baseConfigurationReference = 99B396057DD986EB491BE345 /* Pods-Smack.release.xcconfig */;
			buildSettings = {
				ASSETCATALOG_COMPILER_APPICON_NAME = AppIcon;
				CLANG_ENABLE_MODULES = YES;
				CODE_SIGN_STYLE = Automatic;
				DEVELOPMENT_TEAM = UAR2C5KD62;
				INFOPLIST_FILE = Smack/Info.plist;
				IPHONEOS_DEPLOYMENT_TARGET = 10.0;
				LD_RUNPATH_SEARCH_PATHS = "$(inherited) @executable_path/Frameworks";
				PRODUCT_BUNDLE_IDENTIFIER = com.AdelKazme.Smack;
				PRODUCT_NAME = "$(TARGET_NAME)";
				SWIFT_OBJC_BRIDGING_HEADER = "Smack/Smack-Bridging-Header.h";
				SWIFT_VERSION = 4.0;
				TARGETED_DEVICE_FAMILY = "1,2";
			};
			name = Release;
		};
/* End XCBuildConfiguration section */

/* Begin XCConfigurationList section */
		DDD60CDD20555CE4002260F9 /* Build configuration list for PBXProject "Smack" */ = {
			isa = XCConfigurationList;
			buildConfigurations = (
				DDD60CF220555CE4002260F9 /* Debug */,
				DDD60CF320555CE4002260F9 /* Release */,
			);
			defaultConfigurationIsVisible = 0;
			defaultConfigurationName = Release;
		};
		DDD60CF420555CE4002260F9 /* Build configuration list for PBXNativeTarget "Smack" */ = {
			isa = XCConfigurationList;
			buildConfigurations = (
				DDD60CF520555CE4002260F9 /* Debug */,
				DDD60CF620555CE4002260F9 /* Release */,
			);
			defaultConfigurationIsVisible = 0;
			defaultConfigurationName = Release;
		};
/* End XCConfigurationList section */
	};
	rootObject = DDD60CDA20555CE4002260F9 /* Project object */;
}
